
Microsoft Visual Studio Solution File, Format Version 12.00
# Visual Studio Version 16
VisualStudioVersion = 16.0.29920.165
MinimumVisualStudioVersion = 10.0.40219.1
Project("{FAE04EC0-301F-11D3-BF4B-00C04F79EFBC}") = "prueba", "prueba\prueba.csproj", "{084D916F-2833-49EC-81A3-63B8C5D7E48D}"
EndProject
Global
	GlobalSection(SolutionConfigurationPlatforms) = preSolution
		Debug|Any CPU = Debug|Any CPU
		Release|Any CPU = Release|Any CPU
	EndGlobalSection
	GlobalSection(ProjectConfigurationPlatforms) = postSolution
		{084D916F-2833-49EC-81A3-63B8C5D7E48D}.Debug|Any CPU.ActiveCfg = Debug|Any CPU
		{084D916F-2833-49EC-81A3-63B8C5D7E48D}.Debug|Any CPU.Build.0 = Debug|Any CPU
		{084D916F-2833-49EC-81A3-63B8C5D7E48D}.Release|Any CPU.ActiveCfg = Release|Any CPU
		{084D916F-2833-49EC-81A3-63B8C5D7E48D}.Release|Any CPU.Build.0 = Release|Any CPU
	EndGlobalSection
	GlobalSection(SolutionProperties) = preSolution
		HideSolutionNode = FALSE
	EndGlobalSection
	GlobalSection(ExtensibilityGlobals) = postSolution
		SolutionGuid = {EB44B74D-1DA7-4B5C-A98B-5D0CFE45227F}
	EndGlobalSection
EndGlobal
